
Microsoft Visual Studio Solution File, Format Version 12.00
# Visual Studio Version 16
VisualStudioVersion = 16.0.31129.286
MinimumVisualStudioVersion = 10.0.40219.1
Project("{FAE04EC0-301F-11D3-BF4B-00C04F79EFBC}") = "App1", "App1.csproj", "{17E95FF0-1056-4FE9-8380-215F7076373A}"
EndProject
Global
	GlobalSection(SolutionConfigurationPlatforms) = preSolution
		Debug|Any CPU = Debug|Any CPU
		Release|Any CPU = Release|Any CPU
	EndGlobalSection
	GlobalSection(ProjectConfigurationPlatforms) = postSolution
		{17E95FF0-1056-4FE9-8380-215F7076373A}.Debug|Any CPU.ActiveCfg = Debug|Any CPU
		{17E95FF0-1056-4FE9-8380-215F7076373A}.Debug|Any CPU.Build.0 = Debug|Any CPU
		{17E95FF0-1056-4FE9-8380-215F7076373A}.Release|Any CPU.ActiveCfg = Release|Any CPU
		{17E95FF0-1056-4FE9-8380-215F7076373A}.Release|Any CPU.Build.0 = Release|Any CPU
	EndGlobalSection
	GlobalSection(SolutionProperties) = preSolution
		HideSolutionNode = FALSE
	EndGlobalSection
	GlobalSection(ExtensibilityGlobals) = postSolution
		SolutionGuid = {E07E455E-BF61-432B-87B2-F292470C2DD5}
	EndGlobalSection
EndGlobal
